
Microsoft Visual Studio Solution File, Format Version 12.00
# Visual Studio Version 17
VisualStudioVersion = 17.0.31903.59
MinimumVisualStudioVersion = 10.0.40219.1
Project("{2150E333-8FDC-42A3-9474-1A3956D46DE8}") = "Services", "Services", "{3A6DE4E5-1328-4D17-97B1-630F590DA00F}"
EndProject
Project("{2150E333-8FDC-42A3-9474-1A3956D46DE8}") = "Pagamentos", "Pagamentos", "{2206B3F5-697C-4498-91DF-937610D53547}"
EndProject
Project("{2150E333-8FDC-42A3-9474-1A3956D46DE8}") = "Fiscal", "Fiscal", "{3D6B9E41-A5CC-47B7-85E1-05CE341B3E1A}"
EndProject
Project("{2150E333-8FDC-42A3-9474-1A3956D46DE8}") = "Vendas", "Vendas", "{8DD774B0-9844-45EA-B0EC-689453BD6469}"
EndProject
Project("{2150E333-8FDC-42A3-9474-1A3956D46DE8}") = "Templates", "Templates", "{E8783A6A-6D1A-4AB0-9F46-7BA18FAA7765}"
EndProject
Project("{2150E333-8FDC-42A3-9474-1A3956D46DE8}") = "Core", "Core", "{286AAAD3-CDF9-4248-A441-27F74BB57B60}"
EndProject
Project("{2150E333-8FDC-42A3-9474-1A3956D46DE8}") = "Clientes", "Clientes", "{720931F2-D873-4287-AEC8-91FB97F44E3A}"
EndProject
Project("{9A19103F-16F7-4668-BE54-9A1E7A4F7556}") = "CmsProject.Clientes.Infraestrutura", "src\Clientes\CmsProject.Clientes.Infraestrutura\CmsProject.Clientes.Infraestrutura.csproj", "{9238A6E7-CBE3-4B9B-9B72-2A3302E41F26}"
EndProject
Project("{9A19103F-16F7-4668-BE54-9A1E7A4F7556}") = "CmsProject.Clientes.Domain", "src\Clientes\CmsProject.Clientes.Domain\CmsProject.Clientes.Domain.csproj", "{C39CA2BE-3F2E-459E-8428-72C4659BF900}"
EndProject
Project("{9A19103F-16F7-4668-BE54-9A1E7A4F7556}") = "CmsProject.Clientes.Application", "src\Clientes\CmsProject.Clientes.Application\CmsProject.Clientes.Application.csproj", "{288CD503-A2A1-4A1E-9511-CFBEB0E60989}"
EndProject
Project("{9A19103F-16F7-4668-BE54-9A1E7A4F7556}") = "CmsProject.Fiscal.Infrastructure", "src\Fiscal\CmsProject.Fiscal.Infrastructure\CmsProject.Fiscal.Infrastructure.csproj", "{156F8DA9-330E-4FDC-B3EC-243BEC9BAF81}"
EndProject
Project("{9A19103F-16F7-4668-BE54-9A1E7A4F7556}") = "CmsProject.Fiscal.Domain", "src\Fiscal\CmsProject.Fiscal.Domain\CmsProject.Fiscal.Domain.csproj", "{54659A82-3691-4E81-ADEE-916BBEF9952C}"
EndProject
Project("{9A19103F-16F7-4668-BE54-9A1E7A4F7556}") = "CmsProject.Fiscal.Application", "src\Fiscal\CmsProject.Fiscal.Application\CmsProject.Fiscal.Application.csproj", "{A341ABB8-F25A-4073-B71C-628FB667CDC5}"
EndProject
Project("{9A19103F-16F7-4668-BE54-9A1E7A4F7556}") = "CmsProject.Pagamentos.Infrastructure", "src\Pagamentos\CmsProject.Pagamentos.Infrastructure\CmsProject.Pagamentos.Infrastructure.csproj", "{4C741B76-55B3-40C3-AFA5-BE04B2CFFDB0}"
EndProject
Project("{9A19103F-16F7-4668-BE54-9A1E7A4F7556}") = "CmsProject.Pagamentos.Domain", "src\Pagamentos\CmsProject.Pagamentos.Domain\CmsProject.Pagamentos.Domain.csproj", "{413BFA32-6785-4E34-B8D8-7C2C5394535A}"
EndProject
Project("{9A19103F-16F7-4668-BE54-9A1E7A4F7556}") = "CmsProject.Pagamentos.Application", "src\Pagamentos\CmsProject.Pagamentos.Application\CmsProject.Pagamentos.Application.csproj", "{EFC16CEF-001E-4138-8358-AB634607B44E}"
EndProject
Project("{9A19103F-16F7-4668-BE54-9A1E7A4F7556}") = "CmsProject.Templates.Infrastructure", "src\Templates\CmsProject.Templates.Infrastructure\CmsProject.Templates.Infrastructure.csproj", "{5247C200-2A9A-4225-9101-B43C5719D426}"
EndProject
Project("{9A19103F-16F7-4668-BE54-9A1E7A4F7556}") = "CmsProject.Templates.Domain", "src\Templates\CmsProject.Templates.Domain\CmsProject.Templates.Domain.csproj", "{50EEDC64-8582-4B3F-91CF-B4ED9266C29C}"
EndProject
Project("{9A19103F-16F7-4668-BE54-9A1E7A4F7556}") = "CmsProject.Templates.Application", "src\Templates\CmsProject.Templates.Application\CmsProject.Templates.Application.csproj", "{B7E92B99-BAED-4F79-A76D-100944A57E7F}"
EndProject
Project("{9A19103F-16F7-4668-BE54-9A1E7A4F7556}") = "CmsProject.Vendas.Infrastructure", "src\Vendas\CmsProject.Vendas.Infrastructure\CmsProject.Vendas.Infrastructure.csproj", "{A2A59DE6-5694-45BA-82EB-1CD3CF951035}"
EndProject
Project("{9A19103F-16F7-4668-BE54-9A1E7A4F7556}") = "CmsProject.Vendas.Domain", "src\Vendas\CmsProject.Vendas.Domain\CmsProject.Vendas.Domain.csproj", "{4259A437-19E9-4FE4-B348-2A646F0170D0}"
EndProject
Project("{9A19103F-16F7-4668-BE54-9A1E7A4F7556}") = "CmsProject.Vendas.Application", "src\Vendas\CmsProject.Vendas.Application\CmsProject.Vendas.Application.csproj", "{1861A6CC-50A5-445F-BDAC-40A295608962}"
EndProject
Project("{9A19103F-16F7-4668-BE54-9A1E7A4F7556}") = "CmsProject.Core", "src\CmsProject.Core\CmsProject.Core.csproj", "{B438148C-81EC-4807-AE9D-A95655C26582}"
EndProject
Project("{2150E333-8FDC-42A3-9474-1A3956D46DE8}") = "Presentation", "Presentation", "{EA4EAACF-4EE4-41FA-BBC3-6573DAEC3C55}"
EndProject
Project("{2150E333-8FDC-42A3-9474-1A3956D46DE8}") = "Tester", "Tester", "{384FF4CB-C7D6-4053-BE86-875FA7F03A7F}"
EndProject
Project("{9A19103F-16F7-4668-BE54-9A1E7A4F7556}") = "TesterApplication", "TesterApplication\TesterApplication.csproj", "{870E30C1-EBC3-4C6A-BDA4-50192747605B}"
EndProject
Project("{2150E333-8FDC-42A3-9474-1A3956D46DE8}") = "Usuarios", "Usuarios", "{85F45205-22CF-462F-819B-BCF871CA5039}"
EndProject
Project("{9A19103F-16F7-4668-BE54-9A1E7A4F7556}") = "CmsProject.Usuarios.Infraestrutura", "src\Usuarios\CmsProject.Usuarios.Infraestrutura\CmsProject.Usuarios.Infraestrutura.csproj", "{A2A6223A-4913-4E03-ADD6-710453D1A1A6}"
EndProject
Project("{9A19103F-16F7-4668-BE54-9A1E7A4F7556}") = "CmsProject.Usuarios.Domain", "src\Usuarios\CmsProject.Usuarios.Domain\CmsProject.Usuarios.Domain.csproj", "{FEA21671-0BCF-4775-AAC8-2F3F6D1554D3}"
EndProject
Project("{9A19103F-16F7-4668-BE54-9A1E7A4F7556}") = "CmsProject.Usuarios.Application", "src\Usuarios\CmsProject.Usuarios.Application\CmsProject.Usuarios.Application.csproj", "{E457EB46-14EA-46A1-A346-88FD24E5C24A}"
EndProject
Project("{9A19103F-16F7-4668-BE54-9A1E7A4F7556}") = "TesteApplications01", "TesteApplications01\TesteApplications01.csproj", "{E9315F83-B624-4A93-BCA9-CD4A014B247A}"
EndProject
Project("{9A19103F-16F7-4668-BE54-9A1E7A4F7556}") = "CmsProject.Sistemas.Infraestrutura", "src\Sistemas\CmsProject.Sistemas.Infraestrutura\CmsProject.Sistemas.Infraestrutura.csproj", "{03E6DC7D-4AA3-401D-BE91-DF4B91B9F851}"
EndProject
Project("{2150E333-8FDC-42A3-9474-1A3956D46DE8}") = "Sistemas", "Sistemas", "{89AC32FD-2647-41EE-87AC-E5D9F85CA0C9}"
EndProject
Project("{9A19103F-16F7-4668-BE54-9A1E7A4F7556}") = "CmsProject.Sistemas.Application", "src\Sistemas\CmsProject.Sistemas.Application\CmsProject.Sistemas.Application.csproj", "{297A0ADD-BD6F-45E3-994E-74F99C300E8F}"
EndProject
Project("{9A19103F-16F7-4668-BE54-9A1E7A4F7556}") = "CmsProject.Sistemas.Domain", "src\Sistemas\CmsProject.Sistemas.Domain\CmsProject.Sistemas.Domain.csproj", "{4E89D77A-CB8E-4113-A4AA-FC52835408B4}"
EndProject
Project("{9A19103F-16F7-4668-BE54-9A1E7A4F7556}") = "CmsProject.Sistemas.API", "src\CmsProject.Sistemas.API\CmsProject.Sistemas.API.csproj", "{569D9E6A-EB78-487A-92B4-57FBDB113EF1}"
EndProject
Project("{9A19103F-16F7-4668-BE54-9A1E7A4F7556}") = "CmsProject.Usuarios.API", "src\Usuarios\CmsProject.Usuarios.API\CmsProject.Usuarios.API.csproj", "{EBF0FADB-4977-4F8D-BAEE-13120C1DD4E7}"
EndProject
Project("{9A19103F-16F7-4668-BE54-9A1E7A4F7556}") = "CmsProject.Auth.Api", "src\Usuarios\CmsProject.Auth.Api\CmsProject.Auth.Api.csproj", "{D11DB0AD-9960-409B-8398-DFDAAA269A48}"
EndProject
Project("{9A19103F-16F7-4668-BE54-9A1E7A4F7556}") = "CmsProject.Templates.API", "src\Templates\CmsProject.Templates.API\CmsProject.Templates.API.csproj", "{2A5203BA-BDFF-479F-AD3F-3D7BD5C78C34}"
EndProject
Project("{9A19103F-16F7-4668-BE54-9A1E7A4F7556}") = "CmsProject.WebApi.Core", "src\CmsProject.WebApi.Core\CmsProject.WebApi.Core.csproj", "{ED4188FA-3469-45E9-A355-77F9FFC1294D}"
EndProject
Project("{2150E333-8FDC-42A3-9474-1A3956D46DE8}") = "Catalogo", "Catalogo", "{13320347-6ED6-46BF-88C8-C2B4D07224B0}"
EndProject
Project("{9A19103F-16F7-4668-BE54-9A1E7A4F7556}") = "CmsProject.Catalogo.Infrastructure", "src\Catalogo\CmsProject.Catalogo.Infrastructure\CmsProject.Catalogo.Infrastructure.csproj", "{4A63F473-E16F-4D7D-97CA-2CFE118F36DA}"
EndProject
Project("{2150E333-8FDC-42A3-9474-1A3956D46DE8}") = "BuildingBlocks", "BuildingBlocks", "{FC5CA5B9-F8D8-46E7-82C1-AF2063CB5E93}"
EndProject
Project("{9A19103F-16F7-4668-BE54-9A1E7A4F7556}") = "EventSourcing", "src\EventSourcing\EventSourcing\EventSourcing.csproj", "{42E7E3AD-E106-444B-A3F1-B5B7F05440D5}"
EndProject
Project("{9A19103F-16F7-4668-BE54-9A1E7A4F7556}") = "CmsProject.Catalogo.Domain", "src\Catalogo\CmsProject.Catalogo.Domain\CmsProject.Catalogo.Domain.csproj", "{E9B7FFB9-A18A-4A1A-9141-8E9EE539CB44}"
EndProject
Project("{9A19103F-16F7-4668-BE54-9A1E7A4F7556}") = "CmsProject.Catalogo.Api", "src\Catalogo\CmsProject.Catalogo.Api\CmsProject.Catalogo.Api.csproj", "{737DDC24-C544-4F26-A217-52FFC78BF888}"
EndProject
Project("{2150E333-8FDC-42A3-9474-1A3956D46DE8}") = "MessageBus", "MessageBus", "{83A76222-0106-48AD-9ADB-87A478DBC0E4}"
EndProject
Project("{9A19103F-16F7-4668-BE54-9A1E7A4F7556}") = "CmsProject.MessageBus", "src\BuildingBlocks\CmsProject.MessageBus\CmsProject.MessageBus.csproj", "{A0D3994B-F607-49B0-A743-F7683F03C6D8}"
EndProject
Project("{FAE04EC0-301F-11D3-BF4B-00C04F79EFBC}") = "CmsProject.Presentation.Web", "src\Presentation\CmsProject.Presentation.Web\CmsProject.Presentation.Web.csproj", "{7AC2B72C-DFE1-4B43-925C-53DB32FA715B}"
EndProject
Global
	GlobalSection(SolutionConfigurationPlatforms) = preSolution
		Debug|Any CPU = Debug|Any CPU
		Release|Any CPU = Release|Any CPU
	EndGlobalSection
	GlobalSection(ProjectConfigurationPlatforms) = postSolution
		{9238A6E7-CBE3-4B9B-9B72-2A3302E41F26}.Debug|Any CPU.ActiveCfg = Debug|Any CPU
		{9238A6E7-CBE3-4B9B-9B72-2A3302E41F26}.Debug|Any CPU.Build.0 = Debug|Any CPU
		{9238A6E7-CBE3-4B9B-9B72-2A3302E41F26}.Release|Any CPU.ActiveCfg = Release|Any CPU
		{9238A6E7-CBE3-4B9B-9B72-2A3302E41F26}.Release|Any CPU.Build.0 = Release|Any CPU
		{C39CA2BE-3F2E-459E-8428-72C4659BF900}.Debug|Any CPU.ActiveCfg = Debug|Any CPU
		{C39CA2BE-3F2E-459E-8428-72C4659BF900}.Debug|Any CPU.Build.0 = Debug|Any CPU
		{C39CA2BE-3F2E-459E-8428-72C4659BF900}.Release|Any CPU.ActiveCfg = Release|Any CPU
		{C39CA2BE-3F2E-459E-8428-72C4659BF900}.Release|Any CPU.Build.0 = Release|Any CPU
		{288CD503-A2A1-4A1E-9511-CFBEB0E60989}.Debug|Any CPU.ActiveCfg = Debug|Any CPU
		{288CD503-A2A1-4A1E-9511-CFBEB0E60989}.Debug|Any CPU.Build.0 = Debug|Any CPU
		{288CD503-A2A1-4A1E-9511-CFBEB0E60989}.Release|Any CPU.ActiveCfg = Release|Any CPU
		{288CD503-A2A1-4A1E-9511-CFBEB0E60989}.Release|Any CPU.Build.0 = Release|Any CPU
		{156F8DA9-330E-4FDC-B3EC-243BEC9BAF81}.Debug|Any CPU.ActiveCfg = Debug|Any CPU
		{156F8DA9-330E-4FDC-B3EC-243BEC9BAF81}.Debug|Any CPU.Build.0 = Debug|Any CPU
		{156F8DA9-330E-4FDC-B3EC-243BEC9BAF81}.Release|Any CPU.ActiveCfg = Release|Any CPU
		{156F8DA9-330E-4FDC-B3EC-243BEC9BAF81}.Release|Any CPU.Build.0 = Release|Any CPU
		{54659A82-3691-4E81-ADEE-916BBEF9952C}.Debug|Any CPU.ActiveCfg = Debug|Any CPU
		{54659A82-3691-4E81-ADEE-916BBEF9952C}.Debug|Any CPU.Build.0 = Debug|Any CPU
		{54659A82-3691-4E81-ADEE-916BBEF9952C}.Release|Any CPU.ActiveCfg = Release|Any CPU
		{54659A82-3691-4E81-ADEE-916BBEF9952C}.Release|Any CPU.Build.0 = Release|Any CPU
		{A341ABB8-F25A-4073-B71C-628FB667CDC5}.Debug|Any CPU.ActiveCfg = Debug|Any CPU
		{A341ABB8-F25A-4073-B71C-628FB667CDC5}.Debug|Any CPU.Build.0 = Debug|Any CPU
		{A341ABB8-F25A-4073-B71C-628FB667CDC5}.Release|Any CPU.ActiveCfg = Release|Any CPU
		{A341ABB8-F25A-4073-B71C-628FB667CDC5}.Release|Any CPU.Build.0 = Release|Any CPU
		{4C741B76-55B3-40C3-AFA5-BE04B2CFFDB0}.Debug|Any CPU.ActiveCfg = Debug|Any CPU
		{4C741B76-55B3-40C3-AFA5-BE04B2CFFDB0}.Debug|Any CPU.Build.0 = Debug|Any CPU
		{4C741B76-55B3-40C3-AFA5-BE04B2CFFDB0}.Release|Any CPU.ActiveCfg = Release|Any CPU
		{4C741B76-55B3-40C3-AFA5-BE04B2CFFDB0}.Release|Any CPU.Build.0 = Release|Any CPU
		{413BFA32-6785-4E34-B8D8-7C2C5394535A}.Debug|Any CPU.ActiveCfg = Debug|Any CPU
		{413BFA32-6785-4E34-B8D8-7C2C5394535A}.Debug|Any CPU.Build.0 = Debug|Any CPU
		{413BFA32-6785-4E34-B8D8-7C2C5394535A}.Release|Any CPU.ActiveCfg = Release|Any CPU
		{413BFA32-6785-4E34-B8D8-7C2C5394535A}.Release|Any CPU.Build.0 = Release|Any CPU
		{EFC16CEF-001E-4138-8358-AB634607B44E}.Debug|Any CPU.ActiveCfg = Debug|Any CPU
		{EFC16CEF-001E-4138-8358-AB634607B44E}.Debug|Any CPU.Build.0 = Debug|Any CPU
		{EFC16CEF-001E-4138-8358-AB634607B44E}.Release|Any CPU.ActiveCfg = Release|Any CPU
		{EFC16CEF-001E-4138-8358-AB634607B44E}.Release|Any CPU.Build.0 = Release|Any CPU
		{5247C200-2A9A-4225-9101-B43C5719D426}.Debug|Any CPU.ActiveCfg = Debug|Any CPU
		{5247C200-2A9A-4225-9101-B43C5719D426}.Debug|Any CPU.Build.0 = Debug|Any CPU
		{5247C200-2A9A-4225-9101-B43C5719D426}.Release|Any CPU.ActiveCfg = Release|Any CPU
		{5247C200-2A9A-4225-9101-B43C5719D426}.Release|Any CPU.Build.0 = Release|Any CPU
		{50EEDC64-8582-4B3F-91CF-B4ED9266C29C}.Debug|Any CPU.ActiveCfg = Debug|Any CPU
		{50EEDC64-8582-4B3F-91CF-B4ED9266C29C}.Debug|Any CPU.Build.0 = Debug|Any CPU
		{50EEDC64-8582-4B3F-91CF-B4ED9266C29C}.Release|Any CPU.ActiveCfg = Release|Any CPU
		{50EEDC64-8582-4B3F-91CF-B4ED9266C29C}.Release|Any CPU.Build.0 = Release|Any CPU
		{B7E92B99-BAED-4F79-A76D-100944A57E7F}.Debug|Any CPU.ActiveCfg = Debug|Any CPU
		{B7E92B99-BAED-4F79-A76D-100944A57E7F}.Debug|Any CPU.Build.0 = Debug|Any CPU
		{B7E92B99-BAED-4F79-A76D-100944A57E7F}.Release|Any CPU.ActiveCfg = Release|Any CPU
		{B7E92B99-BAED-4F79-A76D-100944A57E7F}.Release|Any CPU.Build.0 = Release|Any CPU
		{A2A59DE6-5694-45BA-82EB-1CD3CF951035}.Debug|Any CPU.ActiveCfg = Debug|Any CPU
		{A2A59DE6-5694-45BA-82EB-1CD3CF951035}.Debug|Any CPU.Build.0 = Debug|Any CPU
		{A2A59DE6-5694-45BA-82EB-1CD3CF951035}.Release|Any CPU.ActiveCfg = Release|Any CPU
		{A2A59DE6-5694-45BA-82EB-1CD3CF951035}.Release|Any CPU.Build.0 = Release|Any CPU
		{4259A437-19E9-4FE4-B348-2A646F0170D0}.Debug|Any CPU.ActiveCfg = Debug|Any CPU
		{4259A437-19E9-4FE4-B348-2A646F0170D0}.Debug|Any CPU.Build.0 = Debug|Any CPU
		{4259A437-19E9-4FE4-B348-2A646F0170D0}.Release|Any CPU.ActiveCfg = Release|Any CPU
		{4259A437-19E9-4FE4-B348-2A646F0170D0}.Release|Any CPU.Build.0 = Release|Any CPU
		{1861A6CC-50A5-445F-BDAC-40A295608962}.Debug|Any CPU.ActiveCfg = Debug|Any CPU
		{1861A6CC-50A5-445F-BDAC-40A295608962}.Debug|Any CPU.Build.0 = Debug|Any CPU
		{1861A6CC-50A5-445F-BDAC-40A295608962}.Release|Any CPU.ActiveCfg = Release|Any CPU
		{1861A6CC-50A5-445F-BDAC-40A295608962}.Release|Any CPU.Build.0 = Release|Any CPU
		{B438148C-81EC-4807-AE9D-A95655C26582}.Debug|Any CPU.ActiveCfg = Debug|Any CPU
		{B438148C-81EC-4807-AE9D-A95655C26582}.Debug|Any CPU.Build.0 = Debug|Any CPU
		{B438148C-81EC-4807-AE9D-A95655C26582}.Release|Any CPU.ActiveCfg = Release|Any CPU
		{B438148C-81EC-4807-AE9D-A95655C26582}.Release|Any CPU.Build.0 = Release|Any CPU
		{870E30C1-EBC3-4C6A-BDA4-50192747605B}.Debug|Any CPU.ActiveCfg = Debug|Any CPU
		{870E30C1-EBC3-4C6A-BDA4-50192747605B}.Debug|Any CPU.Build.0 = Debug|Any CPU
		{870E30C1-EBC3-4C6A-BDA4-50192747605B}.Release|Any CPU.ActiveCfg = Release|Any CPU
		{870E30C1-EBC3-4C6A-BDA4-50192747605B}.Release|Any CPU.Build.0 = Release|Any CPU
		{A2A6223A-4913-4E03-ADD6-710453D1A1A6}.Debug|Any CPU.ActiveCfg = Debug|Any CPU
		{A2A6223A-4913-4E03-ADD6-710453D1A1A6}.Debug|Any CPU.Build.0 = Debug|Any CPU
		{A2A6223A-4913-4E03-ADD6-710453D1A1A6}.Release|Any CPU.ActiveCfg = Release|Any CPU
		{A2A6223A-4913-4E03-ADD6-710453D1A1A6}.Release|Any CPU.Build.0 = Release|Any CPU
		{FEA21671-0BCF-4775-AAC8-2F3F6D1554D3}.Debug|Any CPU.ActiveCfg = Debug|Any CPU
		{FEA21671-0BCF-4775-AAC8-2F3F6D1554D3}.Debug|Any CPU.Build.0 = Debug|Any CPU
		{FEA21671-0BCF-4775-AAC8-2F3F6D1554D3}.Release|Any CPU.ActiveCfg = Release|Any CPU
		{FEA21671-0BCF-4775-AAC8-2F3F6D1554D3}.Release|Any CPU.Build.0 = Release|Any CPU
		{E457EB46-14EA-46A1-A346-88FD24E5C24A}.Debug|Any CPU.ActiveCfg = Debug|Any CPU
		{E457EB46-14EA-46A1-A346-88FD24E5C24A}.Debug|Any CPU.Build.0 = Debug|Any CPU
		{E457EB46-14EA-46A1-A346-88FD24E5C24A}.Release|Any CPU.ActiveCfg = Release|Any CPU
		{E457EB46-14EA-46A1-A346-88FD24E5C24A}.Release|Any CPU.Build.0 = Release|Any CPU
		{E9315F83-B624-4A93-BCA9-CD4A014B247A}.Debug|Any CPU.ActiveCfg = Debug|Any CPU
		{E9315F83-B624-4A93-BCA9-CD4A014B247A}.Debug|Any CPU.Build.0 = Debug|Any CPU
		{E9315F83-B624-4A93-BCA9-CD4A014B247A}.Release|Any CPU.ActiveCfg = Release|Any CPU
		{E9315F83-B624-4A93-BCA9-CD4A014B247A}.Release|Any CPU.Build.0 = Release|Any CPU
		{03E6DC7D-4AA3-401D-BE91-DF4B91B9F851}.Debug|Any CPU.ActiveCfg = Debug|Any CPU
		{03E6DC7D-4AA3-401D-BE91-DF4B91B9F851}.Debug|Any CPU.Build.0 = Debug|Any CPU
		{03E6DC7D-4AA3-401D-BE91-DF4B91B9F851}.Release|Any CPU.ActiveCfg = Release|Any CPU
		{03E6DC7D-4AA3-401D-BE91-DF4B91B9F851}.Release|Any CPU.Build.0 = Release|Any CPU
		{297A0ADD-BD6F-45E3-994E-74F99C300E8F}.Debug|Any CPU.ActiveCfg = Debug|Any CPU
		{297A0ADD-BD6F-45E3-994E-74F99C300E8F}.Debug|Any CPU.Build.0 = Debug|Any CPU
		{297A0ADD-BD6F-45E3-994E-74F99C300E8F}.Release|Any CPU.ActiveCfg = Release|Any CPU
		{297A0ADD-BD6F-45E3-994E-74F99C300E8F}.Release|Any CPU.Build.0 = Release|Any CPU
		{4E89D77A-CB8E-4113-A4AA-FC52835408B4}.Debug|Any CPU.ActiveCfg = Debug|Any CPU
		{4E89D77A-CB8E-4113-A4AA-FC52835408B4}.Debug|Any CPU.Build.0 = Debug|Any CPU
		{4E89D77A-CB8E-4113-A4AA-FC52835408B4}.Release|Any CPU.ActiveCfg = Release|Any CPU
		{4E89D77A-CB8E-4113-A4AA-FC52835408B4}.Release|Any CPU.Build.0 = Release|Any CPU
		{569D9E6A-EB78-487A-92B4-57FBDB113EF1}.Debug|Any CPU.ActiveCfg = Debug|Any CPU
		{569D9E6A-EB78-487A-92B4-57FBDB113EF1}.Debug|Any CPU.Build.0 = Debug|Any CPU
		{569D9E6A-EB78-487A-92B4-57FBDB113EF1}.Release|Any CPU.ActiveCfg = Release|Any CPU
		{569D9E6A-EB78-487A-92B4-57FBDB113EF1}.Release|Any CPU.Build.0 = Release|Any CPU
		{EBF0FADB-4977-4F8D-BAEE-13120C1DD4E7}.Debug|Any CPU.ActiveCfg = Debug|Any CPU
		{EBF0FADB-4977-4F8D-BAEE-13120C1DD4E7}.Debug|Any CPU.Build.0 = Debug|Any CPU
		{EBF0FADB-4977-4F8D-BAEE-13120C1DD4E7}.Release|Any CPU.ActiveCfg = Release|Any CPU
		{EBF0FADB-4977-4F8D-BAEE-13120C1DD4E7}.Release|Any CPU.Build.0 = Release|Any CPU
		{D11DB0AD-9960-409B-8398-DFDAAA269A48}.Debug|Any CPU.ActiveCfg = Debug|Any CPU
		{D11DB0AD-9960-409B-8398-DFDAAA269A48}.Debug|Any CPU.Build.0 = Debug|Any CPU
		{D11DB0AD-9960-409B-8398-DFDAAA269A48}.Release|Any CPU.ActiveCfg = Release|Any CPU
		{D11DB0AD-9960-409B-8398-DFDAAA269A48}.Release|Any CPU.Build.0 = Release|Any CPU
		{2A5203BA-BDFF-479F-AD3F-3D7BD5C78C34}.Debug|Any CPU.ActiveCfg = Debug|Any CPU
		{2A5203BA-BDFF-479F-AD3F-3D7BD5C78C34}.Debug|Any CPU.Build.0 = Debug|Any CPU
		{2A5203BA-BDFF-479F-AD3F-3D7BD5C78C34}.Release|Any CPU.ActiveCfg = Release|Any CPU
		{2A5203BA-BDFF-479F-AD3F-3D7BD5C78C34}.Release|Any CPU.Build.0 = Release|Any CPU
		{ED4188FA-3469-45E9-A355-77F9FFC1294D}.Debug|Any CPU.ActiveCfg = Debug|Any CPU
		{ED4188FA-3469-45E9-A355-77F9FFC1294D}.Debug|Any CPU.Build.0 = Debug|Any CPU
		{ED4188FA-3469-45E9-A355-77F9FFC1294D}.Release|Any CPU.ActiveCfg = Release|Any CPU
		{ED4188FA-3469-45E9-A355-77F9FFC1294D}.Release|Any CPU.Build.0 = Release|Any CPU
		{4A63F473-E16F-4D7D-97CA-2CFE118F36DA}.Debug|Any CPU.ActiveCfg = Debug|Any CPU
		{4A63F473-E16F-4D7D-97CA-2CFE118F36DA}.Debug|Any CPU.Build.0 = Debug|Any CPU
		{4A63F473-E16F-4D7D-97CA-2CFE118F36DA}.Release|Any CPU.ActiveCfg = Release|Any CPU
		{4A63F473-E16F-4D7D-97CA-2CFE118F36DA}.Release|Any CPU.Build.0 = Release|Any CPU
		{42E7E3AD-E106-444B-A3F1-B5B7F05440D5}.Debug|Any CPU.ActiveCfg = Debug|Any CPU
		{42E7E3AD-E106-444B-A3F1-B5B7F05440D5}.Debug|Any CPU.Build.0 = Debug|Any CPU
		{42E7E3AD-E106-444B-A3F1-B5B7F05440D5}.Release|Any CPU.ActiveCfg = Release|Any CPU
		{42E7E3AD-E106-444B-A3F1-B5B7F05440D5}.Release|Any CPU.Build.0 = Release|Any CPU
		{E9B7FFB9-A18A-4A1A-9141-8E9EE539CB44}.Debug|Any CPU.ActiveCfg = Debug|Any CPU
		{E9B7FFB9-A18A-4A1A-9141-8E9EE539CB44}.Debug|Any CPU.Build.0 = Debug|Any CPU
		{E9B7FFB9-A18A-4A1A-9141-8E9EE539CB44}.Release|Any CPU.ActiveCfg = Release|Any CPU
		{E9B7FFB9-A18A-4A1A-9141-8E9EE539CB44}.Release|Any CPU.Build.0 = Release|Any CPU
		{737DDC24-C544-4F26-A217-52FFC78BF888}.Debug|Any CPU.ActiveCfg = Debug|Any CPU
		{737DDC24-C544-4F26-A217-52FFC78BF888}.Debug|Any CPU.Build.0 = Debug|Any CPU
		{737DDC24-C544-4F26-A217-52FFC78BF888}.Release|Any CPU.ActiveCfg = Release|Any CPU
		{737DDC24-C544-4F26-A217-52FFC78BF888}.Release|Any CPU.Build.0 = Release|Any CPU
		{A0D3994B-F607-49B0-A743-F7683F03C6D8}.Debug|Any CPU.ActiveCfg = Debug|Any CPU
		{A0D3994B-F607-49B0-A743-F7683F03C6D8}.Debug|Any CPU.Build.0 = Debug|Any CPU
		{A0D3994B-F607-49B0-A743-F7683F03C6D8}.Release|Any CPU.ActiveCfg = Release|Any CPU
		{A0D3994B-F607-49B0-A743-F7683F03C6D8}.Release|Any CPU.Build.0 = Release|Any CPU
		{7AC2B72C-DFE1-4B43-925C-53DB32FA715B}.Debug|Any CPU.ActiveCfg = Debug|Any CPU
		{7AC2B72C-DFE1-4B43-925C-53DB32FA715B}.Debug|Any CPU.Build.0 = Debug|Any CPU
		{7AC2B72C-DFE1-4B43-925C-53DB32FA715B}.Release|Any CPU.ActiveCfg = Release|Any CPU
		{7AC2B72C-DFE1-4B43-925C-53DB32FA715B}.Release|Any CPU.Build.0 = Release|Any CPU
	EndGlobalSection
	GlobalSection(SolutionProperties) = preSolution
		HideSolutionNode = FALSE
	EndGlobalSection
	GlobalSection(NestedProjects) = preSolution
		{2206B3F5-697C-4498-91DF-937610D53547} = {3A6DE4E5-1328-4D17-97B1-630F590DA00F}
		{3D6B9E41-A5CC-47B7-85E1-05CE341B3E1A} = {3A6DE4E5-1328-4D17-97B1-630F590DA00F}
		{8DD774B0-9844-45EA-B0EC-689453BD6469} = {3A6DE4E5-1328-4D17-97B1-630F590DA00F}
		{E8783A6A-6D1A-4AB0-9F46-7BA18FAA7765} = {3A6DE4E5-1328-4D17-97B1-630F590DA00F}
		{286AAAD3-CDF9-4248-A441-27F74BB57B60} = {3A6DE4E5-1328-4D17-97B1-630F590DA00F}
		{720931F2-D873-4287-AEC8-91FB97F44E3A} = {3A6DE4E5-1328-4D17-97B1-630F590DA00F}
		{9238A6E7-CBE3-4B9B-9B72-2A3302E41F26} = {720931F2-D873-4287-AEC8-91FB97F44E3A}
		{C39CA2BE-3F2E-459E-8428-72C4659BF900} = {720931F2-D873-4287-AEC8-91FB97F44E3A}
		{288CD503-A2A1-4A1E-9511-CFBEB0E60989} = {720931F2-D873-4287-AEC8-91FB97F44E3A}
		{156F8DA9-330E-4FDC-B3EC-243BEC9BAF81} = {3D6B9E41-A5CC-47B7-85E1-05CE341B3E1A}
		{54659A82-3691-4E81-ADEE-916BBEF9952C} = {3D6B9E41-A5CC-47B7-85E1-05CE341B3E1A}
		{A341ABB8-F25A-4073-B71C-628FB667CDC5} = {3D6B9E41-A5CC-47B7-85E1-05CE341B3E1A}
		{4C741B76-55B3-40C3-AFA5-BE04B2CFFDB0} = {2206B3F5-697C-4498-91DF-937610D53547}
		{413BFA32-6785-4E34-B8D8-7C2C5394535A} = {2206B3F5-697C-4498-91DF-937610D53547}
		{EFC16CEF-001E-4138-8358-AB634607B44E} = {2206B3F5-697C-4498-91DF-937610D53547}
		{5247C200-2A9A-4225-9101-B43C5719D426} = {E8783A6A-6D1A-4AB0-9F46-7BA18FAA7765}
		{50EEDC64-8582-4B3F-91CF-B4ED9266C29C} = {E8783A6A-6D1A-4AB0-9F46-7BA18FAA7765}
		{B7E92B99-BAED-4F79-A76D-100944A57E7F} = {E8783A6A-6D1A-4AB0-9F46-7BA18FAA7765}
		{A2A59DE6-5694-45BA-82EB-1CD3CF951035} = {8DD774B0-9844-45EA-B0EC-689453BD6469}
		{4259A437-19E9-4FE4-B348-2A646F0170D0} = {8DD774B0-9844-45EA-B0EC-689453BD6469}
		{1861A6CC-50A5-445F-BDAC-40A295608962} = {8DD774B0-9844-45EA-B0EC-689453BD6469}
		{B438148C-81EC-4807-AE9D-A95655C26582} = {286AAAD3-CDF9-4248-A441-27F74BB57B60}
		{870E30C1-EBC3-4C6A-BDA4-50192747605B} = {384FF4CB-C7D6-4053-BE86-875FA7F03A7F}
		{85F45205-22CF-462F-819B-BCF871CA5039} = {3A6DE4E5-1328-4D17-97B1-630F590DA00F}
		{A2A6223A-4913-4E03-ADD6-710453D1A1A6} = {85F45205-22CF-462F-819B-BCF871CA5039}
		{FEA21671-0BCF-4775-AAC8-2F3F6D1554D3} = {85F45205-22CF-462F-819B-BCF871CA5039}
		{E457EB46-14EA-46A1-A346-88FD24E5C24A} = {85F45205-22CF-462F-819B-BCF871CA5039}
		{E9315F83-B624-4A93-BCA9-CD4A014B247A} = {384FF4CB-C7D6-4053-BE86-875FA7F03A7F}
		{03E6DC7D-4AA3-401D-BE91-DF4B91B9F851} = {89AC32FD-2647-41EE-87AC-E5D9F85CA0C9}
		{89AC32FD-2647-41EE-87AC-E5D9F85CA0C9} = {3A6DE4E5-1328-4D17-97B1-630F590DA00F}
		{297A0ADD-BD6F-45E3-994E-74F99C300E8F} = {89AC32FD-2647-41EE-87AC-E5D9F85CA0C9}
		{4E89D77A-CB8E-4113-A4AA-FC52835408B4} = {89AC32FD-2647-41EE-87AC-E5D9F85CA0C9}
		{569D9E6A-EB78-487A-92B4-57FBDB113EF1} = {89AC32FD-2647-41EE-87AC-E5D9F85CA0C9}
		{EBF0FADB-4977-4F8D-BAEE-13120C1DD4E7} = {85F45205-22CF-462F-819B-BCF871CA5039}
		{D11DB0AD-9960-409B-8398-DFDAAA269A48} = {85F45205-22CF-462F-819B-BCF871CA5039}
		{2A5203BA-BDFF-479F-AD3F-3D7BD5C78C34} = {E8783A6A-6D1A-4AB0-9F46-7BA18FAA7765}
		{ED4188FA-3469-45E9-A355-77F9FFC1294D} = {286AAAD3-CDF9-4248-A441-27F74BB57B60}
		{13320347-6ED6-46BF-88C8-C2B4D07224B0} = {3A6DE4E5-1328-4D17-97B1-630F590DA00F}
		{4A63F473-E16F-4D7D-97CA-2CFE118F36DA} = {13320347-6ED6-46BF-88C8-C2B4D07224B0}
		{42E7E3AD-E106-444B-A3F1-B5B7F05440D5} = {FC5CA5B9-F8D8-46E7-82C1-AF2063CB5E93}
		{E9B7FFB9-A18A-4A1A-9141-8E9EE539CB44} = {13320347-6ED6-46BF-88C8-C2B4D07224B0}
		{737DDC24-C544-4F26-A217-52FFC78BF888} = {13320347-6ED6-46BF-88C8-C2B4D07224B0}
		{83A76222-0106-48AD-9ADB-87A478DBC0E4} = {FC5CA5B9-F8D8-46E7-82C1-AF2063CB5E93}
		{A0D3994B-F607-49B0-A743-F7683F03C6D8} = {83A76222-0106-48AD-9ADB-87A478DBC0E4}
		{7AC2B72C-DFE1-4B43-925C-53DB32FA715B} = {EA4EAACF-4EE4-41FA-BBC3-6573DAEC3C55}
	EndGlobalSection
	GlobalSection(ExtensibilityGlobals) = postSolution
		SolutionGuid = {522869A2-2313-459C-9FAF-011020FFE76D}
	EndGlobalSection
EndGlobal
